// !$*UTF8*$!
{
	archiveVersion = 1;
	classes = {
	};
	objectVersion = 46;
	objects = {

/* Begin PBXBuildFile section */
		4AB597FCCA38D8717F2EA2E3 /* Pods_MyFirstApp.framework in Frameworks */ = {isa = PBXBuildFile; fileRef = 3DEF3F02622E27CA40E81BD5 /* Pods_MyFirstApp.framework */; };
		5860370ECE6449C2AEBB6228 /* GroceryRequestsDB.swift in Sources */ = {isa = PBXBuildFile; fileRef = 5860386F94559A7E2FED8E77 /* GroceryRequestsDB.swift */; };
		58603CC88DCA2EFF449BB40D /* GroceryRequestsDB.swift in Sources */ = {isa = PBXBuildFile; fileRef = 5860386F94559A7E2FED8E77 /* GroceryRequestsDB.swift */; };
		58603FF603AD1699CAC0BAD2 /* GroceryRequestsDB.swift in Sources */ = {isa = PBXBuildFile; fileRef = 5860386F94559A7E2FED8E77 /* GroceryRequestsDB.swift */; };
		7208C65F1DF84481008CA8EF /* CustomTabBarController.swift in Sources */ = {isa = PBXBuildFile; fileRef = 7208C65E1DF84481008CA8EF /* CustomTabBarController.swift */; };
		7208C6601DF84481008CA8EF /* CustomTabBarController.swift in Sources */ = {isa = PBXBuildFile; fileRef = 7208C65E1DF84481008CA8EF /* CustomTabBarController.swift */; };
		7208C6611DF84481008CA8EF /* CustomTabBarController.swift in Sources */ = {isa = PBXBuildFile; fileRef = 7208C65E1DF84481008CA8EF /* CustomTabBarController.swift */; };
		72AAACBB1DD3496700A78ED4 /* AppDelegate.swift in Sources */ = {isa = PBXBuildFile; fileRef = 72AAACBA1DD3496700A78ED4 /* AppDelegate.swift */; };
		72AAACC21DD3496700A78ED4 /* Assets.xcassets in Resources */ = {isa = PBXBuildFile; fileRef = 72AAACC11DD3496700A78ED4 /* Assets.xcassets */; };
		72AAACC51DD3496700A78ED4 /* LaunchScreen.storyboard in Resources */ = {isa = PBXBuildFile; fileRef = 72AAACC31DD3496700A78ED4 /* LaunchScreen.storyboard */; };
		72AAACD01DD3496700A78ED4 /* MyFirstAppTests.swift in Sources */ = {isa = PBXBuildFile; fileRef = 72AAACCF1DD3496700A78ED4 /* MyFirstAppTests.swift */; };
		72AAACDB1DD3496700A78ED4 /* MyFirstAppUITests.swift in Sources */ = {isa = PBXBuildFile; fileRef = 72AAACDA1DD3496700A78ED4 /* MyFirstAppUITests.swift */; };
		842D16BF1DF046750024794F /* NewGroceryListViewController.swift in Sources */ = {isa = PBXBuildFile; fileRef = 842D16BE1DF046750024794F /* NewGroceryListViewController.swift */; };
		842D16C01DF046750024794F /* NewGroceryListViewController.swift in Sources */ = {isa = PBXBuildFile; fileRef = 842D16BE1DF046750024794F /* NewGroceryListViewController.swift */; };
		842D16C11DF046750024794F /* NewGroceryListViewController.swift in Sources */ = {isa = PBXBuildFile; fileRef = 842D16BE1DF046750024794F /* NewGroceryListViewController.swift */; };
		8434704F1DFB246F00378CA0 /* User.swift in Sources */ = {isa = PBXBuildFile; fileRef = 8434704E1DFB246F00378CA0 /* User.swift */; };
		843470501DFB246F00378CA0 /* User.swift in Sources */ = {isa = PBXBuildFile; fileRef = 8434704E1DFB246F00378CA0 /* User.swift */; };
		843470511DFB246F00378CA0 /* User.swift in Sources */ = {isa = PBXBuildFile; fileRef = 8434704E1DFB246F00378CA0 /* User.swift */; };
		843470571DFB258D00378CA0 /* GroceryList.swift in Sources */ = {isa = PBXBuildFile; fileRef = 843470561DFB258C00378CA0 /* GroceryList.swift */; };
		843470581DFB258D00378CA0 /* GroceryList.swift in Sources */ = {isa = PBXBuildFile; fileRef = 843470561DFB258C00378CA0 /* GroceryList.swift */; };
		843470591DFB258D00378CA0 /* GroceryList.swift in Sources */ = {isa = PBXBuildFile; fileRef = 843470561DFB258C00378CA0 /* GroceryList.swift */; };
		8434705B1DFB25A000378CA0 /* GroceryRequest.swift in Sources */ = {isa = PBXBuildFile; fileRef = 8434705A1DFB25A000378CA0 /* GroceryRequest.swift */; };
		8434705C1DFB25A000378CA0 /* GroceryRequest.swift in Sources */ = {isa = PBXBuildFile; fileRef = 8434705A1DFB25A000378CA0 /* GroceryRequest.swift */; };
		8434705D1DFB25A000378CA0 /* GroceryRequest.swift in Sources */ = {isa = PBXBuildFile; fileRef = 8434705A1DFB25A000378CA0 /* GroceryRequest.swift */; };
		844358611DFB373500B14DB9 /* GroceryRequestTableViewCell.swift in Sources */ = {isa = PBXBuildFile; fileRef = 8443585D1DFB373500B14DB9 /* GroceryRequestTableViewCell.swift */; };
		844358671DFB392000B14DB9 /* Main.storyboard in Resources */ = {isa = PBXBuildFile; fileRef = 844358661DFB392000B14DB9 /* Main.storyboard */; };
		844358681DFB392000B14DB9 /* Main.storyboard in Resources */ = {isa = PBXBuildFile; fileRef = 844358661DFB392000B14DB9 /* Main.storyboard */; };
		844358691DFB392000B14DB9 /* Main.storyboard in Resources */ = {isa = PBXBuildFile; fileRef = 844358661DFB392000B14DB9 /* Main.storyboard */; };
		847D46BE1E0551DA00A3D771 /* UserFirebaseDB.swift in Sources */ = {isa = PBXBuildFile; fileRef = 847D46BD1E0551DA00A3D771 /* UserFirebaseDB.swift */; };
		847D46BF1E0551DB00A3D771 /* UserFirebaseDB.swift in Sources */ = {isa = PBXBuildFile; fileRef = 847D46BD1E0551DA00A3D771 /* UserFirebaseDB.swift */; };
		847D46C01E0551DB00A3D771 /* UserFirebaseDB.swift in Sources */ = {isa = PBXBuildFile; fileRef = 847D46BD1E0551DA00A3D771 /* UserFirebaseDB.swift */; };
		849279CF1E0321670095671E /* GroceryFirebaseDB.swift in Sources */ = {isa = PBXBuildFile; fileRef = 849279CE1E0321670095671E /* GroceryFirebaseDB.swift */; };
		849279D01E0321670095671E /* GroceryFirebaseDB.swift in Sources */ = {isa = PBXBuildFile; fileRef = 849279CE1E0321670095671E /* GroceryFirebaseDB.swift */; };
		849279D11E0321670095671E /* GroceryFirebaseDB.swift in Sources */ = {isa = PBXBuildFile; fileRef = 849279CE1E0321670095671E /* GroceryFirebaseDB.swift */; };
		84B6F9E11DF079BE00A4A931 /* RoundedButton.swift in Sources */ = {isa = PBXBuildFile; fileRef = 84B6F9E01DF079BE00A4A931 /* RoundedButton.swift */; };
		84B6F9E21DF079BE00A4A931 /* RoundedButton.swift in Sources */ = {isa = PBXBuildFile; fileRef = 84B6F9E01DF079BE00A4A931 /* RoundedButton.swift */; };
		84B6F9E31DF079BE00A4A931 /* RoundedButton.swift in Sources */ = {isa = PBXBuildFile; fileRef = 84B6F9E01DF079BE00A4A931 /* RoundedButton.swift */; };
		84BD2DD61DF0282700C630A0 /* GroceryListTableViewController.swift in Sources */ = {isa = PBXBuildFile; fileRef = 84BD2DD51DF0282700C630A0 /* GroceryListTableViewController.swift */; };
		84BD2DD71DF0282700C630A0 /* GroceryListTableViewController.swift in Sources */ = {isa = PBXBuildFile; fileRef = 84BD2DD51DF0282700C630A0 /* GroceryListTableViewController.swift */; };
		84BD2DD81DF0282700C630A0 /* GroceryListTableViewController.swift in Sources */ = {isa = PBXBuildFile; fileRef = 84BD2DD51DF0282700C630A0 /* GroceryListTableViewController.swift */; };
		84BD2DDA1DF02A6C00C630A0 /* GroceryListTableViewCell.swift in Sources */ = {isa = PBXBuildFile; fileRef = 84BD2DD91DF02A6C00C630A0 /* GroceryListTableViewCell.swift */; };
		84BD2DDB1DF02A6C00C630A0 /* GroceryListTableViewCell.swift in Sources */ = {isa = PBXBuildFile; fileRef = 84BD2DD91DF02A6C00C630A0 /* GroceryListTableViewCell.swift */; };
		84BD2DDC1DF02A6C00C630A0 /* GroceryListTableViewCell.swift in Sources */ = {isa = PBXBuildFile; fileRef = 84BD2DD91DF02A6C00C630A0 /* GroceryListTableViewCell.swift */; };
		84DCC3CA1DFB44F20092586E /* NewGroceryRequestViewController.swift in Sources */ = {isa = PBXBuildFile; fileRef = 84DCC3C91DFB44F20092586E /* NewGroceryRequestViewController.swift */; };
		84DCC3CB1DFB44F20092586E /* NewGroceryRequestViewController.swift in Sources */ = {isa = PBXBuildFile; fileRef = 84DCC3C91DFB44F20092586E /* NewGroceryRequestViewController.swift */; };
		84DCC3CC1DFB44F20092586E /* NewGroceryRequestViewController.swift in Sources */ = {isa = PBXBuildFile; fileRef = 84DCC3C91DFB44F20092586E /* NewGroceryRequestViewController.swift */; };
		84DCC3D21DFB506B0092586E /* GroceryRequestTableViewController.swift in Sources */ = {isa = PBXBuildFile; fileRef = 84DCC3D11DFB506B0092586E /* GroceryRequestTableViewController.swift */; };
		84DCC3D31DFB506B0092586E /* GroceryRequestTableViewController.swift in Sources */ = {isa = PBXBuildFile; fileRef = 84DCC3D11DFB506B0092586E /* GroceryRequestTableViewController.swift */; };
		84DCC3D41DFB506B0092586E /* GroceryRequestTableViewController.swift in Sources */ = {isa = PBXBuildFile; fileRef = 84DCC3D11DFB506B0092586E /* GroceryRequestTableViewController.swift */; };
		84DCC3D61DFB55B20092586E /* GroceryDB.swift in Sources */ = {isa = PBXBuildFile; fileRef = 84DCC3D51DFB55B20092586E /* GroceryDB.swift */; };
		84DCC3D71DFB55B20092586E /* GroceryDB.swift in Sources */ = {isa = PBXBuildFile; fileRef = 84DCC3D51DFB55B20092586E /* GroceryDB.swift */; };
		84DCC3D81DFB55B20092586E /* GroceryDB.swift in Sources */ = {isa = PBXBuildFile; fileRef = 84DCC3D51DFB55B20092586E /* GroceryDB.swift */; };
		84DCC3DA1DFB57720092586E /* MainController.swift in Sources */ = {isa = PBXBuildFile; fileRef = 84DCC3D91DFB57720092586E /* MainController.swift */; };
		84DCC3DB1DFB57720092586E /* MainController.swift in Sources */ = {isa = PBXBuildFile; fileRef = 84DCC3D91DFB57720092586E /* MainController.swift */; };
		84DCC3DC1DFB57720092586E /* MainController.swift in Sources */ = {isa = PBXBuildFile; fileRef = 84DCC3D91DFB57720092586E /* MainController.swift */; };
		84E766E51E07E59D0073B8B4 /* Group.swift in Sources */ = {isa = PBXBuildFile; fileRef = 84E766E41E07E59D0073B8B4 /* Group.swift */; };
		84E766E61E07E59D0073B8B4 /* Group.swift in Sources */ = {isa = PBXBuildFile; fileRef = 84E766E41E07E59D0073B8B4 /* Group.swift */; };
		84E766E71E07E59D0073B8B4 /* Group.swift in Sources */ = {isa = PBXBuildFile; fileRef = 84E766E41E07E59D0073B8B4 /* Group.swift */; };
		84FA51581E044073005943AC /* GoogleService-Info.plist in Resources */ = {isa = PBXBuildFile; fileRef = 84FA51571E044073005943AC /* GoogleService-Info.plist */; };
		84FA51591E044073005943AC /* GoogleService-Info.plist in Resources */ = {isa = PBXBuildFile; fileRef = 84FA51571E044073005943AC /* GoogleService-Info.plist */; };
		84FA515A1E044073005943AC /* GoogleService-Info.plist in Resources */ = {isa = PBXBuildFile; fileRef = 84FA51571E044073005943AC /* GoogleService-Info.plist */; };
		84FA51601E044724005943AC /* CameraViewController.swift in Sources */ = {isa = PBXBuildFile; fileRef = 84FA515F1E044724005943AC /* CameraViewController.swift */; };
		84FA51611E044724005943AC /* CameraViewController.swift in Sources */ = {isa = PBXBuildFile; fileRef = 84FA515F1E044724005943AC /* CameraViewController.swift */; };
		84FA51621E044724005943AC /* CameraViewController.swift in Sources */ = {isa = PBXBuildFile; fileRef = 84FA515F1E044724005943AC /* CameraViewController.swift */; };
		84FA51641E044C14005943AC /* ImageDB.swift in Sources */ = {isa = PBXBuildFile; fileRef = 84FA51631E044C14005943AC /* ImageDB.swift */; };
		84FA51651E044C14005943AC /* ImageDB.swift in Sources */ = {isa = PBXBuildFile; fileRef = 84FA51631E044C14005943AC /* ImageDB.swift */; };
		84FA51661E044C14005943AC /* ImageDB.swift in Sources */ = {isa = PBXBuildFile; fileRef = 84FA51631E044C14005943AC /* ImageDB.swift */; };
		AFFE641F8B8904B545707CF3 /* Pods_MyFirstAppTests.framework in Frameworks */ = {isa = PBXBuildFile; fileRef = 537B805AEDA546C0D3A2E0B6 /* Pods_MyFirstAppTests.framework */; };
		E42E40E39B25F1416DD8CDD9 /* Pods_MyFirstAppUITests.framework in Frameworks */ = {isa = PBXBuildFile; fileRef = C5BC0C9EE0FC27C2A30EC68E /* Pods_MyFirstAppUITests.framework */; };
/* End PBXBuildFile section */

/* Begin PBXContainerItemProxy section */
		72AAACCC1DD3496700A78ED4 /* PBXContainerItemProxy */ = {
			isa = PBXContainerItemProxy;
			containerPortal = 72AAACAF1DD3496600A78ED4 /* Project object */;
			proxyType = 1;
			remoteGlobalIDString = 72AAACB61DD3496600A78ED4;
			remoteInfo = MyFirstApp;
		};
		72AAACD71DD3496700A78ED4 /* PBXContainerItemProxy */ = {
			isa = PBXContainerItemProxy;
			containerPortal = 72AAACAF1DD3496600A78ED4 /* Project object */;
			proxyType = 1;
			remoteGlobalIDString = 72AAACB61DD3496600A78ED4;
			remoteInfo = MyFirstApp;
		};
/* End PBXContainerItemProxy section */

/* Begin PBXFileReference section */
		0E5E5F1A15064DD7BD1B84EB /* Pods-MyFirstAppTests.release.xcconfig */ = {isa = PBXFileReference; includeInIndex = 1; lastKnownFileType = text.xcconfig; name = "Pods-MyFirstAppTests.release.xcconfig"; path = "Pods/Target Support Files/Pods-MyFirstAppTests/Pods-MyFirstAppTests.release.xcconfig"; sourceTree = "<group>"; };
		3DEF3F02622E27CA40E81BD5 /* Pods_MyFirstApp.framework */ = {isa = PBXFileReference; explicitFileType = wrapper.framework; includeInIndex = 0; path = Pods_MyFirstApp.framework; sourceTree = BUILT_PRODUCTS_DIR; };
		537B805AEDA546C0D3A2E0B6 /* Pods_MyFirstAppTests.framework */ = {isa = PBXFileReference; explicitFileType = wrapper.framework; includeInIndex = 0; path = Pods_MyFirstAppTests.framework; sourceTree = BUILT_PRODUCTS_DIR; };
		5860386F94559A7E2FED8E77 /* GroceryRequestsDB.swift */ = {isa = PBXFileReference; fileEncoding = 4; lastKnownFileType = sourcecode.swift; path = GroceryRequestsDB.swift; sourceTree = "<group>"; };
		5D50D210E2973DB1F964E039 /* Pods-MyFirstApp.release.xcconfig */ = {isa = PBXFileReference; includeInIndex = 1; lastKnownFileType = text.xcconfig; name = "Pods-MyFirstApp.release.xcconfig"; path = "Pods/Target Support Files/Pods-MyFirstApp/Pods-MyFirstApp.release.xcconfig"; sourceTree = "<group>"; };
		60A7221B3CCE3CF0E02772F9 /* Pods-MyFirstApp.debug.xcconfig */ = {isa = PBXFileReference; includeInIndex = 1; lastKnownFileType = text.xcconfig; name = "Pods-MyFirstApp.debug.xcconfig"; path = "Pods/Target Support Files/Pods-MyFirstApp/Pods-MyFirstApp.debug.xcconfig"; sourceTree = "<group>"; };
		7208C65E1DF84481008CA8EF /* CustomTabBarController.swift */ = {isa = PBXFileReference; fileEncoding = 4; lastKnownFileType = sourcecode.swift; path = CustomTabBarController.swift; sourceTree = "<group>"; };
		72AAACB71DD3496700A78ED4 /* MyFirstApp.app */ = {isa = PBXFileReference; explicitFileType = wrapper.application; includeInIndex = 0; path = MyFirstApp.app; sourceTree = BUILT_PRODUCTS_DIR; };
		72AAACBA1DD3496700A78ED4 /* AppDelegate.swift */ = {isa = PBXFileReference; lastKnownFileType = sourcecode.swift; path = AppDelegate.swift; sourceTree = "<group>"; };
		72AAACC11DD3496700A78ED4 /* Assets.xcassets */ = {isa = PBXFileReference; lastKnownFileType = folder.assetcatalog; path = Assets.xcassets; sourceTree = "<group>"; };
		72AAACC41DD3496700A78ED4 /* Base */ = {isa = PBXFileReference; lastKnownFileType = file.storyboard; name = Base; path = Base.lproj/LaunchScreen.storyboard; sourceTree = "<group>"; };
		72AAACC61DD3496700A78ED4 /* Info.plist */ = {isa = PBXFileReference; lastKnownFileType = text.plist.xml; path = Info.plist; sourceTree = "<group>"; };
		72AAACCB1DD3496700A78ED4 /* MyFirstAppTests.xctest */ = {isa = PBXFileReference; explicitFileType = wrapper.cfbundle; includeInIndex = 0; path = MyFirstAppTests.xctest; sourceTree = BUILT_PRODUCTS_DIR; };
		72AAACCF1DD3496700A78ED4 /* MyFirstAppTests.swift */ = {isa = PBXFileReference; lastKnownFileType = sourcecode.swift; path = MyFirstAppTests.swift; sourceTree = "<group>"; };
		72AAACD11DD3496700A78ED4 /* Info.plist */ = {isa = PBXFileReference; lastKnownFileType = text.plist.xml; path = Info.plist; sourceTree = "<group>"; };
		72AAACD61DD3496700A78ED4 /* MyFirstAppUITests.xctest */ = {isa = PBXFileReference; explicitFileType = wrapper.cfbundle; includeInIndex = 0; path = MyFirstAppUITests.xctest; sourceTree = BUILT_PRODUCTS_DIR; };
		72AAACDA1DD3496700A78ED4 /* MyFirstAppUITests.swift */ = {isa = PBXFileReference; lastKnownFileType = sourcecode.swift; path = MyFirstAppUITests.swift; sourceTree = "<group>"; };
		72AAACDC1DD3496700A78ED4 /* Info.plist */ = {isa = PBXFileReference; lastKnownFileType = text.plist.xml; path = Info.plist; sourceTree = "<group>"; };
		842D16BE1DF046750024794F /* NewGroceryListViewController.swift */ = {isa = PBXFileReference; fileEncoding = 4; lastKnownFileType = sourcecode.swift; path = NewGroceryListViewController.swift; sourceTree = "<group>"; };
		8434704E1DFB246F00378CA0 /* User.swift */ = {isa = PBXFileReference; fileEncoding = 4; lastKnownFileType = sourcecode.swift; path = User.swift; sourceTree = "<group>"; };
		843470561DFB258C00378CA0 /* GroceryList.swift */ = {isa = PBXFileReference; fileEncoding = 4; lastKnownFileType = sourcecode.swift; path = GroceryList.swift; sourceTree = "<group>"; };
		8434705A1DFB25A000378CA0 /* GroceryRequest.swift */ = {isa = PBXFileReference; fileEncoding = 4; lastKnownFileType = sourcecode.swift; path = GroceryRequest.swift; sourceTree = "<group>"; };
		8443585D1DFB373500B14DB9 /* GroceryRequestTableViewCell.swift */ = {isa = PBXFileReference; fileEncoding = 4; lastKnownFileType = sourcecode.swift; path = GroceryRequestTableViewCell.swift; sourceTree = "<group>"; };
		844358661DFB392000B14DB9 /* Main.storyboard */ = {isa = PBXFileReference; fileEncoding = 4; lastKnownFileType = file.storyboard; path = Main.storyboard; sourceTree = "<group>"; };
		847D46BD1E0551DA00A3D771 /* UserFirebaseDB.swift */ = {isa = PBXFileReference; fileEncoding = 4; lastKnownFileType = sourcecode.swift; path = UserFirebaseDB.swift; sourceTree = "<group>"; };
		849279CE1E0321670095671E /* GroceryFirebaseDB.swift */ = {isa = PBXFileReference; fileEncoding = 4; lastKnownFileType = sourcecode.swift; path = GroceryFirebaseDB.swift; sourceTree = "<group>"; };
		849279D21E0370950095671E /* MyFirstApp.entitlements */ = {isa = PBXFileReference; lastKnownFileType = text.plist.entitlements; path = MyFirstApp.entitlements; sourceTree = "<group>"; };
		84B6F9E01DF079BE00A4A931 /* RoundedButton.swift */ = {isa = PBXFileReference; fileEncoding = 4; lastKnownFileType = sourcecode.swift; path = RoundedButton.swift; sourceTree = "<group>"; };
		84BD2DD51DF0282700C630A0 /* GroceryListTableViewController.swift */ = {isa = PBXFileReference; fileEncoding = 4; lastKnownFileType = sourcecode.swift; path = GroceryListTableViewController.swift; sourceTree = "<group>"; };
		84BD2DD91DF02A6C00C630A0 /* GroceryListTableViewCell.swift */ = {isa = PBXFileReference; fileEncoding = 4; lastKnownFileType = sourcecode.swift; path = GroceryListTableViewCell.swift; sourceTree = "<group>"; };
		84DCC3C91DFB44F20092586E /* NewGroceryRequestViewController.swift */ = {isa = PBXFileReference; fileEncoding = 4; lastKnownFileType = sourcecode.swift; path = NewGroceryRequestViewController.swift; sourceTree = "<group>"; };
		84DCC3D11DFB506B0092586E /* GroceryRequestTableViewController.swift */ = {isa = PBXFileReference; fileEncoding = 4; lastKnownFileType = sourcecode.swift; path = GroceryRequestTableViewController.swift; sourceTree = "<group>"; };
		84DCC3D51DFB55B20092586E /* GroceryDB.swift */ = {isa = PBXFileReference; fileEncoding = 4; lastKnownFileType = sourcecode.swift; path = GroceryDB.swift; sourceTree = "<group>"; };
		84DCC3D91DFB57720092586E /* MainController.swift */ = {isa = PBXFileReference; fileEncoding = 4; lastKnownFileType = sourcecode.swift; path = MainController.swift; sourceTree = "<group>"; };
		84E766E41E07E59D0073B8B4 /* Group.swift */ = {isa = PBXFileReference; fileEncoding = 4; lastKnownFileType = sourcecode.swift; path = Group.swift; sourceTree = "<group>"; };
		84FA51571E044073005943AC /* GoogleService-Info.plist */ = {isa = PBXFileReference; fileEncoding = 4; lastKnownFileType = text.plist.xml; path = "GoogleService-Info.plist"; sourceTree = SOURCE_ROOT; };
		84FA515F1E044724005943AC /* CameraViewController.swift */ = {isa = PBXFileReference; fileEncoding = 4; lastKnownFileType = sourcecode.swift; path = CameraViewController.swift; sourceTree = "<group>"; };
		84FA51631E044C14005943AC /* ImageDB.swift */ = {isa = PBXFileReference; fileEncoding = 4; lastKnownFileType = sourcecode.swift; path = ImageDB.swift; sourceTree = "<group>"; };
		C5BC0C9EE0FC27C2A30EC68E /* Pods_MyFirstAppUITests.framework */ = {isa = PBXFileReference; explicitFileType = wrapper.framework; includeInIndex = 0; path = Pods_MyFirstAppUITests.framework; sourceTree = BUILT_PRODUCTS_DIR; };
		CE4C0234F2F9A3DB22A614E7 /* Pods-MyFirstAppUITests.debug.xcconfig */ = {isa = PBXFileReference; includeInIndex = 1; lastKnownFileType = text.xcconfig; name = "Pods-MyFirstAppUITests.debug.xcconfig"; path = "Pods/Target Support Files/Pods-MyFirstAppUITests/Pods-MyFirstAppUITests.debug.xcconfig"; sourceTree = "<group>"; };
		DA2273BBA9296239CFA48D6B /* Pods-MyFirstAppTests.debug.xcconfig */ = {isa = PBXFileReference; includeInIndex = 1; lastKnownFileType = text.xcconfig; name = "Pods-MyFirstAppTests.debug.xcconfig"; path = "Pods/Target Support Files/Pods-MyFirstAppTests/Pods-MyFirstAppTests.debug.xcconfig"; sourceTree = "<group>"; };
		FBAFB374C7930BAABD352F18 /* Pods-MyFirstAppUITests.release.xcconfig */ = {isa = PBXFileReference; includeInIndex = 1; lastKnownFileType = text.xcconfig; name = "Pods-MyFirstAppUITests.release.xcconfig"; path = "Pods/Target Support Files/Pods-MyFirstAppUITests/Pods-MyFirstAppUITests.release.xcconfig"; sourceTree = "<group>"; };
/* End PBXFileReference section */

/* Begin PBXFrameworksBuildPhase section */
		72AAACB41DD3496600A78ED4 /* Frameworks */ = {
			isa = PBXFrameworksBuildPhase;
			buildActionMask = 2147483647;
			files = (
				4AB597FCCA38D8717F2EA2E3 /* Pods_MyFirstApp.framework in Frameworks */,
			);
			runOnlyForDeploymentPostprocessing = 0;
		};
		72AAACC81DD3496700A78ED4 /* Frameworks */ = {
			isa = PBXFrameworksBuildPhase;
			buildActionMask = 2147483647;
			files = (
				AFFE641F8B8904B545707CF3 /* Pods_MyFirstAppTests.framework in Frameworks */,
			);
			runOnlyForDeploymentPostprocessing = 0;
		};
		72AAACD31DD3496700A78ED4 /* Frameworks */ = {
			isa = PBXFrameworksBuildPhase;
			buildActionMask = 2147483647;
			files = (
				E42E40E39B25F1416DD8CDD9 /* Pods_MyFirstAppUITests.framework in Frameworks */,
			);
			runOnlyForDeploymentPostprocessing = 0;
		};
/* End PBXFrameworksBuildPhase section */

/* Begin PBXGroup section */
		3D21E6241459582787800341 /* Pods */ = {
			isa = PBXGroup;
			children = (
				60A7221B3CCE3CF0E02772F9 /* Pods-MyFirstApp.debug.xcconfig */,
				5D50D210E2973DB1F964E039 /* Pods-MyFirstApp.release.xcconfig */,
				DA2273BBA9296239CFA48D6B /* Pods-MyFirstAppTests.debug.xcconfig */,
				0E5E5F1A15064DD7BD1B84EB /* Pods-MyFirstAppTests.release.xcconfig */,
				CE4C0234F2F9A3DB22A614E7 /* Pods-MyFirstAppUITests.debug.xcconfig */,
				FBAFB374C7930BAABD352F18 /* Pods-MyFirstAppUITests.release.xcconfig */,
			);
			name = Pods;
			sourceTree = "<group>";
		};
		6B3A9AE5642E3E855C23BDDA /* Frameworks */ = {
			isa = PBXGroup;
			children = (
				3DEF3F02622E27CA40E81BD5 /* Pods_MyFirstApp.framework */,
				537B805AEDA546C0D3A2E0B6 /* Pods_MyFirstAppTests.framework */,
				C5BC0C9EE0FC27C2A30EC68E /* Pods_MyFirstAppUITests.framework */,
			);
			name = Frameworks;
			sourceTree = "<group>";
		};
		72AAACAE1DD3496600A78ED4 = {
			isa = PBXGroup;
			children = (
				72AAACB91DD3496700A78ED4 /* MyFirstApp */,
				72AAACCE1DD3496700A78ED4 /* MyFirstAppTests */,
				72AAACD91DD3496700A78ED4 /* MyFirstAppUITests */,
				72AAACB81DD3496700A78ED4 /* Products */,
				3D21E6241459582787800341 /* Pods */,
				6B3A9AE5642E3E855C23BDDA /* Frameworks */,
			);
			sourceTree = "<group>";
		};
		72AAACB81DD3496700A78ED4 /* Products */ = {
			isa = PBXGroup;
			children = (
				72AAACB71DD3496700A78ED4 /* MyFirstApp.app */,
				72AAACCB1DD3496700A78ED4 /* MyFirstAppTests.xctest */,
				72AAACD61DD3496700A78ED4 /* MyFirstAppUITests.xctest */,
			);
			name = Products;
			sourceTree = "<group>";
		};
		72AAACB91DD3496700A78ED4 /* MyFirstApp */ = {
			isa = PBXGroup;
			children = (
				84FA51571E044073005943AC /* GoogleService-Info.plist */,
				849279D21E0370950095671E /* MyFirstApp.entitlements */,
				72AAACF01DD34F5700A78ED4 /* Controller */,
				72AAACEF1DD34F5200A78ED4 /* View */,
				72AAACEA1DD34DF200A78ED4 /* Model */,
				72AAACE91DD34DA100A78ED4 /* Main */,
				72AAACC11DD3496700A78ED4 /* Assets.xcassets */,
				72AAACC31DD3496700A78ED4 /* LaunchScreen.storyboard */,
				72AAACC61DD3496700A78ED4 /* Info.plist */,
			);
			path = MyFirstApp;
			sourceTree = "<group>";
		};
		72AAACCE1DD3496700A78ED4 /* MyFirstAppTests */ = {
			isa = PBXGroup;
			children = (
				72AAACCF1DD3496700A78ED4 /* MyFirstAppTests.swift */,
				72AAACD11DD3496700A78ED4 /* Info.plist */,
			);
			path = MyFirstAppTests;
			sourceTree = "<group>";
		};
		72AAACD91DD3496700A78ED4 /* MyFirstAppUITests */ = {
			isa = PBXGroup;
			children = (
				72AAACDA1DD3496700A78ED4 /* MyFirstAppUITests.swift */,
				72AAACDC1DD3496700A78ED4 /* Info.plist */,
			);
			path = MyFirstAppUITests;
			sourceTree = "<group>";
		};
		72AAACE91DD34DA100A78ED4 /* Main */ = {
			isa = PBXGroup;
			children = (
				72AAACBA1DD3496700A78ED4 /* AppDelegate.swift */,
			);
			name = Main;
			sourceTree = "<group>";
		};
		72AAACEA1DD34DF200A78ED4 /* Model */ = {
			isa = PBXGroup;
			children = (
				84DCC3D51DFB55B20092586E /* GroceryDB.swift */,
				8434704E1DFB246F00378CA0 /* User.swift */,
				843470561DFB258C00378CA0 /* GroceryList.swift */,
				8434705A1DFB25A000378CA0 /* GroceryRequest.swift */,
				849279CE1E0321670095671E /* GroceryFirebaseDB.swift */,
				84FA51631E044C14005943AC /* ImageDB.swift */,
				847D46BD1E0551DA00A3D771 /* UserFirebaseDB.swift */,
				5860386F94559A7E2FED8E77 /* GroceryRequestsDB.swift */,
				84E766E41E07E59D0073B8B4 /* Group.swift */,
			);
			name = Model;
			sourceTree = "<group>";
		};
		72AAACEF1DD34F5200A78ED4 /* View */ = {
			isa = PBXGroup;
			children = (
				844358661DFB392000B14DB9 /* Main.storyboard */,
				84B6F9E01DF079BE00A4A931 /* RoundedButton.swift */,
			);
			name = View;
			sourceTree = "<group>";
		};
		72AAACF01DD34F5700A78ED4 /* Controller */ = {
			isa = PBXGroup;
			children = (
				84FA515F1E044724005943AC /* CameraViewController.swift */,
				84DCC3D91DFB57720092586E /* MainController.swift */,
				7208C65E1DF84481008CA8EF /* CustomTabBarController.swift */,
				8443586B1DFB3DC100B14DB9 /* GroceryRequest */,
				8443586A1DFB3DB400B14DB9 /* GroceryList */,
			);
			name = Controller;
			sourceTree = "<group>";
		};
		8443586A1DFB3DB400B14DB9 /* GroceryList */ = {
			isa = PBXGroup;
			children = (
				84BD2DD51DF0282700C630A0 /* GroceryListTableViewController.swift */,
				84BD2DD91DF02A6C00C630A0 /* GroceryListTableViewCell.swift */,
				842D16BE1DF046750024794F /* NewGroceryListViewController.swift */,
			);
			name = GroceryList;
			sourceTree = "<group>";
		};
		8443586B1DFB3DC100B14DB9 /* GroceryRequest */ = {
			isa = PBXGroup;
			children = (
				8443585D1DFB373500B14DB9 /* GroceryRequestTableViewCell.swift */,
				84DCC3C91DFB44F20092586E /* NewGroceryRequestViewController.swift */,
				84DCC3D11DFB506B0092586E /* GroceryRequestTableViewController.swift */,
			);
			name = GroceryRequest;
			sourceTree = "<group>";
		};
/* End PBXGroup section */

/* Begin PBXNativeTarget section */
		72AAACB61DD3496600A78ED4 /* MyFirstApp */ = {
			isa = PBXNativeTarget;
			buildConfigurationList = 72AAACDF1DD3496700A78ED4 /* Build configuration list for PBXNativeTarget "MyFirstApp" */;
			buildPhases = (
				795CBDF738C670349D25739E /* [CP] Check Pods Manifest.lock */,
				72AAACB31DD3496600A78ED4 /* Sources */,
				72AAACB41DD3496600A78ED4 /* Frameworks */,
				72AAACB51DD3496600A78ED4 /* Resources */,
				8B2CD905B29FD9FC5B80B471 /* [CP] Embed Pods Frameworks */,
				4B12CC68FCE868322EA00217 /* [CP] Copy Pods Resources */,
			);
			buildRules = (
			);
			dependencies = (
			);
			name = MyFirstApp;
			productName = MyFirstApp;
			productReference = 72AAACB71DD3496700A78ED4 /* MyFirstApp.app */;
			productType = "com.apple.product-type.application";
		};
		72AAACCA1DD3496700A78ED4 /* MyFirstAppTests */ = {
			isa = PBXNativeTarget;
			buildConfigurationList = 72AAACE21DD3496700A78ED4 /* Build configuration list for PBXNativeTarget "MyFirstAppTests" */;
			buildPhases = (
				BEBAC267F7394BD7D805BAF2 /* [CP] Check Pods Manifest.lock */,
				72AAACC71DD3496700A78ED4 /* Sources */,
				72AAACC81DD3496700A78ED4 /* Frameworks */,
				72AAACC91DD3496700A78ED4 /* Resources */,
				7AAB32A37C80064E744DC078 /* [CP] Embed Pods Frameworks */,
				E0D85A7808621E3F2FCDABFF /* [CP] Copy Pods Resources */,
			);
			buildRules = (
			);
			dependencies = (
				72AAACCD1DD3496700A78ED4 /* PBXTargetDependency */,
			);
			name = MyFirstAppTests;
			productName = MyFirstAppTests;
			productReference = 72AAACCB1DD3496700A78ED4 /* MyFirstAppTests.xctest */;
			productType = "com.apple.product-type.bundle.unit-test";
		};
		72AAACD51DD3496700A78ED4 /* MyFirstAppUITests */ = {
			isa = PBXNativeTarget;
			buildConfigurationList = 72AAACE51DD3496700A78ED4 /* Build configuration list for PBXNativeTarget "MyFirstAppUITests" */;
			buildPhases = (
				09801766BDEB406EECF613F9 /* [CP] Check Pods Manifest.lock */,
				72AAACD21DD3496700A78ED4 /* Sources */,
				72AAACD31DD3496700A78ED4 /* Frameworks */,
				72AAACD41DD3496700A78ED4 /* Resources */,
				FB759F6D95337429B8A5682A /* [CP] Copy Pods Resources */,
			);
			buildRules = (
			);
			dependencies = (
				72AAACD81DD3496700A78ED4 /* PBXTargetDependency */,
			);
			name = MyFirstAppUITests;
			productName = MyFirstAppUITests;
			productReference = 72AAACD61DD3496700A78ED4 /* MyFirstAppUITests.xctest */;
			productType = "com.apple.product-type.bundle.ui-testing";
		};
/* End PBXNativeTarget section */

/* Begin PBXProject section */
		72AAACAF1DD3496600A78ED4 /* Project object */ = {
			isa = PBXProject;
			attributes = {
				LastSwiftUpdateCheck = 0800;
				LastUpgradeCheck = 0800;
				ORGANIZATIONNAME = "Naveh Ohana";
				TargetAttributes = {
					72AAACB61DD3496600A78ED4 = {
						CreatedOnToolsVersion = 8.0;
						DevelopmentTeam = ZT2UC8KGP2;
						ProvisioningStyle = Automatic;
						SystemCapabilities = {
							com.apple.Keychain = {
								enabled = 1;
							};
						};
					};
					72AAACCA1DD3496700A78ED4 = {
						CreatedOnToolsVersion = 8.0;
						ProvisioningStyle = Automatic;
						TestTargetID = 72AAACB61DD3496600A78ED4;
					};
					72AAACD51DD3496700A78ED4 = {
						CreatedOnToolsVersion = 8.0;
						ProvisioningStyle = Automatic;
						TestTargetID = 72AAACB61DD3496600A78ED4;
					};
				};
			};
			buildConfigurationList = 72AAACB21DD3496600A78ED4 /* Build configuration list for PBXProject "MyFirstApp" */;
			compatibilityVersion = "Xcode 3.2";
			developmentRegion = English;
			hasScannedForEncodings = 0;
			knownRegions = (
				en,
				Base,
			);
			mainGroup = 72AAACAE1DD3496600A78ED4;
			productRefGroup = 72AAACB81DD3496700A78ED4 /* Products */;
			projectDirPath = "";
			projectRoot = "";
			targets = (
				72AAACB61DD3496600A78ED4 /* MyFirstApp */,
				72AAACCA1DD3496700A78ED4 /* MyFirstAppTests */,
				72AAACD51DD3496700A78ED4 /* MyFirstAppUITests */,
			);
		};
/* End PBXProject section */

/* Begin PBXResourcesBuildPhase section */
		72AAACB51DD3496600A78ED4 /* Resources */ = {
			isa = PBXResourcesBuildPhase;
			buildActionMask = 2147483647;
			files = (
				844358671DFB392000B14DB9 /* Main.storyboard in Resources */,
				72AAACC51DD3496700A78ED4 /* LaunchScreen.storyboard in Resources */,
				84FA51581E044073005943AC /* GoogleService-Info.plist in Resources */,
				72AAACC21DD3496700A78ED4 /* Assets.xcassets in Resources */,
			);
			runOnlyForDeploymentPostprocessing = 0;
		};
		72AAACC91DD3496700A78ED4 /* Resources */ = {
			isa = PBXResourcesBuildPhase;
			buildActionMask = 2147483647;
			files = (
				844358681DFB392000B14DB9 /* Main.storyboard in Resources */,
				84FA51591E044073005943AC /* GoogleService-Info.plist in Resources */,
			);
			runOnlyForDeploymentPostprocessing = 0;
		};
		72AAACD41DD3496700A78ED4 /* Resources */ = {
			isa = PBXResourcesBuildPhase;
			buildActionMask = 2147483647;
			files = (
				844358691DFB392000B14DB9 /* Main.storyboard in Resources */,
				84FA515A1E044073005943AC /* GoogleService-Info.plist in Resources */,
			);
			runOnlyForDeploymentPostprocessing = 0;
		};
/* End PBXResourcesBuildPhase section */

/* Begin PBXShellScriptBuildPhase section */
		09801766BDEB406EECF613F9 /* [CP] Check Pods Manifest.lock */ = {
			isa = PBXShellScriptBuildPhase;
			buildActionMask = 2147483647;
			files = (
			);
			inputPaths = (
			);
			name = "[CP] Check Pods Manifest.lock";
			outputPaths = (
			);
			runOnlyForDeploymentPostprocessing = 0;
			shellPath = /bin/sh;
			shellScript = "diff \"${PODS_ROOT}/../Podfile.lock\" \"${PODS_ROOT}/Manifest.lock\" > /dev/null\nif [[ $? != 0 ]] ; then\n    cat << EOM\nerror: The sandbox is not in sync with the Podfile.lock. Run 'pod install' or update your CocoaPods installation.\nEOM\n    exit 1\nfi\n";
			showEnvVarsInLog = 0;
		};
		4B12CC68FCE868322EA00217 /* [CP] Copy Pods Resources */ = {
			isa = PBXShellScriptBuildPhase;
			buildActionMask = 2147483647;
			files = (
			);
			inputPaths = (
			);
			name = "[CP] Copy Pods Resources";
			outputPaths = (
			);
			runOnlyForDeploymentPostprocessing = 0;
			shellPath = /bin/sh;
			shellScript = "\"${SRCROOT}/Pods/Target Support Files/Pods-MyFirstApp/Pods-MyFirstApp-resources.sh\"\n";
			showEnvVarsInLog = 0;
		};
		795CBDF738C670349D25739E /* [CP] Check Pods Manifest.lock */ = {
			isa = PBXShellScriptBuildPhase;
			buildActionMask = 2147483647;
			files = (
			);
			inputPaths = (
			);
			name = "[CP] Check Pods Manifest.lock";
			outputPaths = (
			);
			runOnlyForDeploymentPostprocessing = 0;
			shellPath = /bin/sh;
			shellScript = "diff \"${PODS_ROOT}/../Podfile.lock\" \"${PODS_ROOT}/Manifest.lock\" > /dev/null\nif [[ $? != 0 ]] ; then\n    cat << EOM\nerror: The sandbox is not in sync with the Podfile.lock. Run 'pod install' or update your CocoaPods installation.\nEOM\n    exit 1\nfi\n";
			showEnvVarsInLog = 0;
		};
		7AAB32A37C80064E744DC078 /* [CP] Embed Pods Frameworks */ = {
			isa = PBXShellScriptBuildPhase;
			buildActionMask = 2147483647;
			files = (
			);
			inputPaths = (
			);
			name = "[CP] Embed Pods Frameworks";
			outputPaths = (
			);
			runOnlyForDeploymentPostprocessing = 0;
			shellPath = /bin/sh;
			shellScript = "\"${SRCROOT}/Pods/Target Support Files/Pods-MyFirstAppTests/Pods-MyFirstAppTests-frameworks.sh\"\n";
			showEnvVarsInLog = 0;
		};
		8B2CD905B29FD9FC5B80B471 /* [CP] Embed Pods Frameworks */ = {
			isa = PBXShellScriptBuildPhase;
			buildActionMask = 2147483647;
			files = (
			);
			inputPaths = (
			);
			name = "[CP] Embed Pods Frameworks";
			outputPaths = (
			);
			runOnlyForDeploymentPostprocessing = 0;
			shellPath = /bin/sh;
			shellScript = "\"${SRCROOT}/Pods/Target Support Files/Pods-MyFirstApp/Pods-MyFirstApp-frameworks.sh\"\n";
			showEnvVarsInLog = 0;
		};
		BEBAC267F7394BD7D805BAF2 /* [CP] Check Pods Manifest.lock */ = {
			isa = PBXShellScriptBuildPhase;
			buildActionMask = 2147483647;
			files = (
			);
			inputPaths = (
			);
			name = "[CP] Check Pods Manifest.lock";
			outputPaths = (
			);
			runOnlyForDeploymentPostprocessing = 0;
			shellPath = /bin/sh;
			shellScript = "diff \"${PODS_ROOT}/../Podfile.lock\" \"${PODS_ROOT}/Manifest.lock\" > /dev/null\nif [[ $? != 0 ]] ; then\n    cat << EOM\nerror: The sandbox is not in sync with the Podfile.lock. Run 'pod install' or update your CocoaPods installation.\nEOM\n    exit 1\nfi\n";
			showEnvVarsInLog = 0;
		};
		E0D85A7808621E3F2FCDABFF /* [CP] Copy Pods Resources */ = {
			isa = PBXShellScriptBuildPhase;
			buildActionMask = 2147483647;
			files = (
			);
			inputPaths = (
			);
			name = "[CP] Copy Pods Resources";
			outputPaths = (
			);
			runOnlyForDeploymentPostprocessing = 0;
			shellPath = /bin/sh;
			shellScript = "\"${SRCROOT}/Pods/Target Support Files/Pods-MyFirstAppTests/Pods-MyFirstAppTests-resources.sh\"\n";
			showEnvVarsInLog = 0;
		};
		FB759F6D95337429B8A5682A /* [CP] Copy Pods Resources */ = {
			isa = PBXShellScriptBuildPhase;
			buildActionMask = 2147483647;
			files = (
			);
			inputPaths = (
			);
			name = "[CP] Copy Pods Resources";
			outputPaths = (
			);
			runOnlyForDeploymentPostprocessing = 0;
			shellPath = /bin/sh;
			shellScript = "\"${SRCROOT}/Pods/Target Support Files/Pods-MyFirstAppUITests/Pods-MyFirstAppUITests-resources.sh\"\n";
			showEnvVarsInLog = 0;
		};
/* End PBXShellScriptBuildPhase section */

/* Begin PBXSourcesBuildPhase section */
		72AAACB31DD3496600A78ED4 /* Sources */ = {
			isa = PBXSourcesBuildPhase;
			buildActionMask = 2147483647;
			files = (
				84DCC3D21DFB506B0092586E /* GroceryRequestTableViewController.swift in Sources */,
				84BD2DD61DF0282700C630A0 /* GroceryListTableViewController.swift in Sources */,
				8434705B1DFB25A000378CA0 /* GroceryRequest.swift in Sources */,
				84E766E51E07E59D0073B8B4 /* Group.swift in Sources */,
				843470571DFB258D00378CA0 /* GroceryList.swift in Sources */,
				849279CF1E0321670095671E /* GroceryFirebaseDB.swift in Sources */,
				84DCC3CA1DFB44F20092586E /* NewGroceryRequestViewController.swift in Sources */,
				84B6F9E11DF079BE00A4A931 /* RoundedButton.swift in Sources */,
				7208C65F1DF84481008CA8EF /* CustomTabBarController.swift in Sources */,
				844358611DFB373500B14DB9 /* GroceryRequestTableViewCell.swift in Sources */,
				847D46BE1E0551DA00A3D771 /* UserFirebaseDB.swift in Sources */,
				84DCC3DA1DFB57720092586E /* MainController.swift in Sources */,
				72AAACBB1DD3496700A78ED4 /* AppDelegate.swift in Sources */,
				8434704F1DFB246F00378CA0 /* User.swift in Sources */,
				84FA51641E044C14005943AC /* ImageDB.swift in Sources */,
				84DCC3D61DFB55B20092586E /* GroceryDB.swift in Sources */,
				842D16BF1DF046750024794F /* NewGroceryListViewController.swift in Sources */,
				84BD2DDA1DF02A6C00C630A0 /* GroceryListTableViewCell.swift in Sources */,
				84FA51601E044724005943AC /* CameraViewController.swift in Sources */,
				58603CC88DCA2EFF449BB40D /* GroceryRequestsDB.swift in Sources */,
			);
			runOnlyForDeploymentPostprocessing = 0;
		};
		72AAACC71DD3496700A78ED4 /* Sources */ = {
			isa = PBXSourcesBuildPhase;
			buildActionMask = 2147483647;
			files = (
				72AAACD01DD3496700A78ED4 /* MyFirstAppTests.swift in Sources */,
				84DCC3D31DFB506B0092586E /* GroceryRequestTableViewController.swift in Sources */,
				849279D01E0321670095671E /* GroceryFirebaseDB.swift in Sources */,
				84FA51611E044724005943AC /* CameraViewController.swift in Sources */,
				8434705C1DFB25A000378CA0 /* GroceryRequest.swift in Sources */,
				843470581DFB258D00378CA0 /* GroceryList.swift in Sources */,
				84E766E61E07E59D0073B8B4 /* Group.swift in Sources */,
				84BD2DD71DF0282700C630A0 /* GroceryListTableViewController.swift in Sources */,
				842D16C01DF046750024794F /* NewGroceryListViewController.swift in Sources */,
				84BD2DDB1DF02A6C00C630A0 /* GroceryListTableViewCell.swift in Sources */,
				84FA51651E044C14005943AC /* ImageDB.swift in Sources */,
				843470501DFB246F00378CA0 /* User.swift in Sources */,
				7208C6601DF84481008CA8EF /* CustomTabBarController.swift in Sources */,
				84B6F9E21DF079BE00A4A931 /* RoundedButton.swift in Sources */,
				84DCC3CB1DFB44F20092586E /* NewGroceryRequestViewController.swift in Sources */,
				84DCC3DB1DFB57720092586E /* MainController.swift in Sources */,
				84DCC3D71DFB55B20092586E /* GroceryDB.swift in Sources */,
				847D46BF1E0551DB00A3D771 /* UserFirebaseDB.swift in Sources */,
				5860370ECE6449C2AEBB6228 /* GroceryRequestsDB.swift in Sources */,
			);
			runOnlyForDeploymentPostprocessing = 0;
		};
		72AAACD21DD3496700A78ED4 /* Sources */ = {
			isa = PBXSourcesBuildPhase;
			buildActionMask = 2147483647;
			files = (
				72AAACDB1DD3496700A78ED4 /* MyFirstAppUITests.swift in Sources */,
				84DCC3D41DFB506B0092586E /* GroceryRequestTableViewController.swift in Sources */,
				849279D11E0321670095671E /* GroceryFirebaseDB.swift in Sources */,
				84FA51621E044724005943AC /* CameraViewController.swift in Sources */,
				8434705D1DFB25A000378CA0 /* GroceryRequest.swift in Sources */,
				843470591DFB258D00378CA0 /* GroceryList.swift in Sources */,
				84E766E71E07E59D0073B8B4 /* Group.swift in Sources */,
				84B6F9E31DF079BE00A4A931 /* RoundedButton.swift in Sources */,
				7208C6611DF84481008CA8EF /* CustomTabBarController.swift in Sources */,
				84BD2DD81DF0282700C630A0 /* GroceryListTableViewController.swift in Sources */,
				84FA51661E044C14005943AC /* ImageDB.swift in Sources */,
				843470511DFB246F00378CA0 /* User.swift in Sources */,
				842D16C11DF046750024794F /* NewGroceryListViewController.swift in Sources */,
				84BD2DDC1DF02A6C00C630A0 /* GroceryListTableViewCell.swift in Sources */,
				84DCC3CC1DFB44F20092586E /* NewGroceryRequestViewController.swift in Sources */,
				84DCC3DC1DFB57720092586E /* MainController.swift in Sources */,
				84DCC3D81DFB55B20092586E /* GroceryDB.swift in Sources */,
				847D46C01E0551DB00A3D771 /* UserFirebaseDB.swift in Sources */,
				58603FF603AD1699CAC0BAD2 /* GroceryRequestsDB.swift in Sources */,
			);
			runOnlyForDeploymentPostprocessing = 0;
		};
/* End PBXSourcesBuildPhase section */

/* Begin PBXTargetDependency section */
		72AAACCD1DD3496700A78ED4 /* PBXTargetDependency */ = {
			isa = PBXTargetDependency;
			target = 72AAACB61DD3496600A78ED4 /* MyFirstApp */;
			targetProxy = 72AAACCC1DD3496700A78ED4 /* PBXContainerItemProxy */;
		};
		72AAACD81DD3496700A78ED4 /* PBXTargetDependency */ = {
			isa = PBXTargetDependency;
			target = 72AAACB61DD3496600A78ED4 /* MyFirstApp */;
			targetProxy = 72AAACD71DD3496700A78ED4 /* PBXContainerItemProxy */;
		};
/* End PBXTargetDependency section */

/* Begin PBXVariantGroup section */
		72AAACC31DD3496700A78ED4 /* LaunchScreen.storyboard */ = {
			isa = PBXVariantGroup;
			children = (
				72AAACC41DD3496700A78ED4 /* Base */,
			);
			name = LaunchScreen.storyboard;
			sourceTree = "<group>";
		};
/* End PBXVariantGroup section */

/* Begin XCBuildConfiguration section */
		72AAACDD1DD3496700A78ED4 /* Debug */ = {
			isa = XCBuildConfiguration;
			buildSettings = {
				ALWAYS_SEARCH_USER_PATHS = NO;
				CLANG_ANALYZER_NONNULL = YES;
				CLANG_CXX_LANGUAGE_STANDARD = "gnu++0x";
				CLANG_CXX_LIBRARY = "libc++";
				CLANG_ENABLE_MODULES = YES;
				CLANG_ENABLE_OBJC_ARC = YES;
				CLANG_WARN_BOOL_CONVERSION = YES;
				CLANG_WARN_CONSTANT_CONVERSION = YES;
				CLANG_WARN_DIRECT_OBJC_ISA_USAGE = YES_ERROR;
				CLANG_WARN_DOCUMENTATION_COMMENTS = YES;
				CLANG_WARN_EMPTY_BODY = YES;
				CLANG_WARN_ENUM_CONVERSION = YES;
				CLANG_WARN_INFINITE_RECURSION = YES;
				CLANG_WARN_INT_CONVERSION = YES;
				CLANG_WARN_OBJC_ROOT_CLASS = YES_ERROR;
				CLANG_WARN_SUSPICIOUS_MOVES = YES;
				CLANG_WARN_UNREACHABLE_CODE = YES;
				CLANG_WARN__DUPLICATE_METHOD_MATCH = YES;
				"CODE_SIGN_IDENTITY[sdk=iphoneos*]" = "iPhone Developer";
				COPY_PHASE_STRIP = NO;
				DEBUG_INFORMATION_FORMAT = dwarf;
				ENABLE_STRICT_OBJC_MSGSEND = YES;
				ENABLE_TESTABILITY = YES;
				GCC_C_LANGUAGE_STANDARD = gnu99;
				GCC_DYNAMIC_NO_PIC = NO;
				GCC_NO_COMMON_BLOCKS = YES;
				GCC_OPTIMIZATION_LEVEL = 0;
				GCC_PREPROCESSOR_DEFINITIONS = (
					"DEBUG=1",
					"$(inherited)",
				);
				GCC_WARN_64_TO_32_BIT_CONVERSION = YES;
				GCC_WARN_ABOUT_RETURN_TYPE = YES_ERROR;
				GCC_WARN_UNDECLARED_SELECTOR = YES;
				GCC_WARN_UNINITIALIZED_AUTOS = YES_AGGRESSIVE;
				GCC_WARN_UNUSED_FUNCTION = YES;
				GCC_WARN_UNUSED_VARIABLE = YES;
				IPHONEOS_DEPLOYMENT_TARGET = 10.0;
				MTL_ENABLE_DEBUG_INFO = YES;
				ONLY_ACTIVE_ARCH = YES;
				SDKROOT = iphoneos;
				SWIFT_ACTIVE_COMPILATION_CONDITIONS = DEBUG;
				SWIFT_OPTIMIZATION_LEVEL = "-Onone";
				TARGETED_DEVICE_FAMILY = "1,2";
			};
			name = Debug;
		};
		72AAACDE1DD3496700A78ED4 /* Release */ = {
			isa = XCBuildConfiguration;
			buildSettings = {
				ALWAYS_SEARCH_USER_PATHS = NO;
				CLANG_ANALYZER_NONNULL = YES;
				CLANG_CXX_LANGUAGE_STANDARD = "gnu++0x";
				CLANG_CXX_LIBRARY = "libc++";
				CLANG_ENABLE_MODULES = YES;
				CLANG_ENABLE_OBJC_ARC = YES;
				CLANG_WARN_BOOL_CONVERSION = YES;
				CLANG_WARN_CONSTANT_CONVERSION = YES;
				CLANG_WARN_DIRECT_OBJC_ISA_USAGE = YES_ERROR;
				CLANG_WARN_DOCUMENTATION_COMMENTS = YES;
				CLANG_WARN_EMPTY_BODY = YES;
				CLANG_WARN_ENUM_CONVERSION = YES;
				CLANG_WARN_INFINITE_RECURSION = YES;
				CLANG_WARN_INT_CONVERSION = YES;
				CLANG_WARN_OBJC_ROOT_CLASS = YES_ERROR;
				CLANG_WARN_SUSPICIOUS_MOVES = YES;
				CLANG_WARN_UNREACHABLE_CODE = YES;
				CLANG_WARN__DUPLICATE_METHOD_MATCH = YES;
				"CODE_SIGN_IDENTITY[sdk=iphoneos*]" = "iPhone Developer";
				COPY_PHASE_STRIP = NO;
				DEBUG_INFORMATION_FORMAT = "dwarf-with-dsym";
				ENABLE_NS_ASSERTIONS = NO;
				ENABLE_STRICT_OBJC_MSGSEND = YES;
				GCC_C_LANGUAGE_STANDARD = gnu99;
				GCC_NO_COMMON_BLOCKS = YES;
				GCC_WARN_64_TO_32_BIT_CONVERSION = YES;
				GCC_WARN_ABOUT_RETURN_TYPE = YES_ERROR;
				GCC_WARN_UNDECLARED_SELECTOR = YES;
				GCC_WARN_UNINITIALIZED_AUTOS = YES_AGGRESSIVE;
				GCC_WARN_UNUSED_FUNCTION = YES;
				GCC_WARN_UNUSED_VARIABLE = YES;
				IPHONEOS_DEPLOYMENT_TARGET = 10.0;
				MTL_ENABLE_DEBUG_INFO = NO;
				SDKROOT = iphoneos;
				SWIFT_OPTIMIZATION_LEVEL = "-Owholemodule";
				TARGETED_DEVICE_FAMILY = "1,2";
				VALIDATE_PRODUCT = YES;
			};
			name = Release;
		};
		72AAACE01DD3496700A78ED4 /* Debug */ = {
			isa = XCBuildConfiguration;
			baseConfigurationReference = 60A7221B3CCE3CF0E02772F9 /* Pods-MyFirstApp.debug.xcconfig */;
			buildSettings = {
				ASSETCATALOG_COMPILER_APPICON_NAME = AppIcon;
				CODE_SIGN_ENTITLEMENTS = MyFirstApp/MyFirstApp.entitlements;
				DEVELOPMENT_TEAM = ZT2UC8KGP2;
				INFOPLIST_FILE = MyFirstApp/Info.plist;
				LD_RUNPATH_SEARCH_PATHS = "$(inherited) @executable_path/Frameworks";
				PRODUCT_BUNDLE_IDENTIFIER = com.default.MyFirstApp;
				PRODUCT_NAME = "$(TARGET_NAME)";
				SWIFT_VERSION = 3.0;
			};
			name = Debug;
		};
		72AAACE11DD3496700A78ED4 /* Release */ = {
			isa = XCBuildConfiguration;
			baseConfigurationReference = 5D50D210E2973DB1F964E039 /* Pods-MyFirstApp.release.xcconfig */;
			buildSettings = {
				ASSETCATALOG_COMPILER_APPICON_NAME = AppIcon;
				CODE_SIGN_ENTITLEMENTS = MyFirstApp/MyFirstApp.entitlements;
				DEVELOPMENT_TEAM = ZT2UC8KGP2;
				INFOPLIST_FILE = MyFirstApp/Info.plist;
				LD_RUNPATH_SEARCH_PATHS = "$(inherited) @executable_path/Frameworks";
				PRODUCT_BUNDLE_IDENTIFIER = com.default.MyFirstApp;
				PRODUCT_NAME = "$(TARGET_NAME)";
				SWIFT_VERSION = 3.0;
			};
			name = Release;
		};
		72AAACE31DD3496700A78ED4 /* Debug */ = {
			isa = XCBuildConfiguration;
			baseConfigurationReference = DA2273BBA9296239CFA48D6B /* Pods-MyFirstAppTests.debug.xcconfig */;
			buildSettings = {
				ALWAYS_EMBED_SWIFT_STANDARD_LIBRARIES = YES;
				BUNDLE_LOADER = "$(TEST_HOST)";
				INFOPLIST_FILE = MyFirstAppTests/Info.plist;
				LD_RUNPATH_SEARCH_PATHS = "$(inherited) @executable_path/Frameworks @loader_path/Frameworks";
				PRODUCT_BUNDLE_IDENTIFIER = com.default.MyFirstAppTests;
				PRODUCT_NAME = "$(TARGET_NAME)";
				SWIFT_VERSION = 3.0;
				TEST_HOST = "$(BUILT_PRODUCTS_DIR)/MyFirstApp.app/MyFirstApp";
			};
			name = Debug;
		};
		72AAACE41DD3496700A78ED4 /* Release */ = {
			isa = XCBuildConfiguration;
			baseConfigurationReference = 0E5E5F1A15064DD7BD1B84EB /* Pods-MyFirstAppTests.release.xcconfig */;
			buildSettings = {
				ALWAYS_EMBED_SWIFT_STANDARD_LIBRARIES = YES;
				BUNDLE_LOADER = "$(TEST_HOST)";
				INFOPLIST_FILE = MyFirstAppTests/Info.plist;
				LD_RUNPATH_SEARCH_PATHS = "$(inherited) @executable_path/Frameworks @loader_path/Frameworks";
				PRODUCT_BUNDLE_IDENTIFIER = com.default.MyFirstAppTests;
				PRODUCT_NAME = "$(TARGET_NAME)";
				SWIFT_VERSION = 3.0;
				TEST_HOST = "$(BUILT_PRODUCTS_DIR)/MyFirstApp.app/MyFirstApp";
			};
			name = Release;
		};
		72AAACE61DD3496700A78ED4 /* Debug */ = {
			isa = XCBuildConfiguration;
			baseConfigurationReference = CE4C0234F2F9A3DB22A614E7 /* Pods-MyFirstAppUITests.debug.xcconfig */;
			buildSettings = {
				ALWAYS_EMBED_SWIFT_STANDARD_LIBRARIES = YES;
				INFOPLIST_FILE = MyFirstAppUITests/Info.plist;
				LD_RUNPATH_SEARCH_PATHS = "$(inherited) @executable_path/Frameworks @loader_path/Frameworks";
				PRODUCT_BUNDLE_IDENTIFIER = com.default.MyFirstAppUITests;
				PRODUCT_NAME = "$(TARGET_NAME)";
				SWIFT_VERSION = 3.0;
				TEST_TARGET_NAME = MyFirstApp;
			};
			name = Debug;
		};
		72AAACE71DD3496700A78ED4 /* Release */ = {
			isa = XCBuildConfiguration;
			baseConfigurationReference = FBAFB374C7930BAABD352F18 /* Pods-MyFirstAppUITests.release.xcconfig */;
			buildSettings = {
				ALWAYS_EMBED_SWIFT_STANDARD_LIBRARIES = YES;
				INFOPLIST_FILE = MyFirstAppUITests/Info.plist;
				LD_RUNPATH_SEARCH_PATHS = "$(inherited) @executable_path/Frameworks @loader_path/Frameworks";
				PRODUCT_BUNDLE_IDENTIFIER = com.default.MyFirstAppUITests;
				PRODUCT_NAME = "$(TARGET_NAME)";
				SWIFT_VERSION = 3.0;
				TEST_TARGET_NAME = MyFirstApp;
			};
			name = Release;
		};
/* End XCBuildConfiguration section */

/* Begin XCConfigurationList section */
		72AAACB21DD3496600A78ED4 /* Build configuration list for PBXProject "MyFirstApp" */ = {
			isa = XCConfigurationList;
			buildConfigurations = (
				72AAACDD1DD3496700A78ED4 /* Debug */,
				72AAACDE1DD3496700A78ED4 /* Release */,
			);
			defaultConfigurationIsVisible = 0;
			defaultConfigurationName = Release;
		};
		72AAACDF1DD3496700A78ED4 /* Build configuration list for PBXNativeTarget "MyFirstApp" */ = {
			isa = XCConfigurationList;
			buildConfigurations = (
				72AAACE01DD3496700A78ED4 /* Debug */,
				72AAACE11DD3496700A78ED4 /* Release */,
			);
			defaultConfigurationIsVisible = 0;
			defaultConfigurationName = Release;
		};
		72AAACE21DD3496700A78ED4 /* Build configuration list for PBXNativeTarget "MyFirstAppTests" */ = {
			isa = XCConfigurationList;
			buildConfigurations = (
				72AAACE31DD3496700A78ED4 /* Debug */,
				72AAACE41DD3496700A78ED4 /* Release */,
			);
			defaultConfigurationIsVisible = 0;
			defaultConfigurationName = Release;
		};
		72AAACE51DD3496700A78ED4 /* Build configuration list for PBXNativeTarget "MyFirstAppUITests" */ = {
			isa = XCConfigurationList;
			buildConfigurations = (
				72AAACE61DD3496700A78ED4 /* Debug */,
				72AAACE71DD3496700A78ED4 /* Release */,
			);
			defaultConfigurationIsVisible = 0;
			defaultConfigurationName = Release;
		};
/* End XCConfigurationList section */
	};
	rootObject = 72AAACAF1DD3496600A78ED4 /* Project object */;
}
